// !$*UTF8*$!
{
	archiveVersion = 1;
	classes = {
	};
	objectVersion = 46;
	objects = {

/* Begin PBXBuildFile section */
		07A3D82B290FC066C95A44F6 /* libPods.a in Frameworks */ = {isa = PBXBuildFile; fileRef = 3E739BC7BACA86A59FFFE72C /* libPods.a */; };
		501B87DC1CCC2316007CA49B /* AppDelegate.swift in Sources */ = {isa = PBXBuildFile; fileRef = 501B87DB1CCC2316007CA49B /* AppDelegate.swift */; };
		501B87DE1CCC2316007CA49B /* ViewController.swift in Sources */ = {isa = PBXBuildFile; fileRef = 501B87DD1CCC2316007CA49B /* ViewController.swift */; };
		501B87E11CCC2316007CA49B /* Main.storyboard in Resources */ = {isa = PBXBuildFile; fileRef = 501B87DF1CCC2316007CA49B /* Main.storyboard */; };
		501B87E31CCC2316007CA49B /* Assets.xcassets in Resources */ = {isa = PBXBuildFile; fileRef = 501B87E21CCC2316007CA49B /* Assets.xcassets */; };
		501B87E61CCC2316007CA49B /* LaunchScreen.storyboard in Resources */ = {isa = PBXBuildFile; fileRef = 501B87E41CCC2316007CA49B /* LaunchScreen.storyboard */; };
		501B87F11CCC2316007CA49B /* ECE158BMidtermProjectTests.swift in Sources */ = {isa = PBXBuildFile; fileRef = 501B87F01CCC2316007CA49B /* ECE158BMidtermProjectTests.swift */; };
		501B87FC1CCC2316007CA49B /* ECE158BMidtermProjectUITests.swift in Sources */ = {isa = PBXBuildFile; fileRef = 501B87FB1CCC2316007CA49B /* ECE158BMidtermProjectUITests.swift */; };
/* End PBXBuildFile section */

/* Begin PBXContainerItemProxy section */
		501B87ED1CCC2316007CA49B /* PBXContainerItemProxy */ = {
			isa = PBXContainerItemProxy;
			containerPortal = 501B87D01CCC2316007CA49B /* Project object */;
			proxyType = 1;
			remoteGlobalIDString = 501B87D71CCC2316007CA49B;
			remoteInfo = ECE158BMidtermProject;
		};
		501B87F81CCC2316007CA49B /* PBXContainerItemProxy */ = {
			isa = PBXContainerItemProxy;
			containerPortal = 501B87D01CCC2316007CA49B /* Project object */;
			proxyType = 1;
			remoteGlobalIDString = 501B87D71CCC2316007CA49B;
			remoteInfo = ECE158BMidtermProject;
		};
/* End PBXContainerItemProxy section */

/* Begin PBXFileReference section */
		3E739BC7BACA86A59FFFE72C /* libPods.a */ = {isa = PBXFileReference; explicitFileType = archive.ar; includeInIndex = 0; path = libPods.a; sourceTree = BUILT_PRODUCTS_DIR; };
		501B87D81CCC2316007CA49B /* ECE158BMidtermProject.app */ = {isa = PBXFileReference; explicitFileType = wrapper.application; includeInIndex = 0; path = ECE158BMidtermProject.app; sourceTree = BUILT_PRODUCTS_DIR; };
		501B87DB1CCC2316007CA49B /* AppDelegate.swift */ = {isa = PBXFileReference; lastKnownFileType = sourcecode.swift; path = AppDelegate.swift; sourceTree = "<group>"; };
		501B87DD1CCC2316007CA49B /* ViewController.swift */ = {isa = PBXFileReference; lastKnownFileType = sourcecode.swift; path = ViewController.swift; sourceTree = "<group>"; };
		501B87E01CCC2316007CA49B /* Base */ = {isa = PBXFileReference; lastKnownFileType = file.storyboard; name = Base; path = Base.lproj/Main.storyboard; sourceTree = "<group>"; };
		501B87E21CCC2316007CA49B /* Assets.xcassets */ = {isa = PBXFileReference; lastKnownFileType = folder.assetcatalog; path = Assets.xcassets; sourceTree = "<group>"; };
		501B87E51CCC2316007CA49B /* Base */ = {isa = PBXFileReference; lastKnownFileType = file.storyboard; name = Base; path = Base.lproj/LaunchScreen.storyboard; sourceTree = "<group>"; };
		501B87E71CCC2316007CA49B /* Info.plist */ = {isa = PBXFileReference; lastKnownFileType = text.plist.xml; path = Info.plist; sourceTree = "<group>"; };
		501B87EC1CCC2316007CA49B /* ECE158BMidtermProjectTests.xctest */ = {isa = PBXFileReference; explicitFileType = wrapper.cfbundle; includeInIndex = 0; path = ECE158BMidtermProjectTests.xctest; sourceTree = BUILT_PRODUCTS_DIR; };
		501B87F01CCC2316007CA49B /* ECE158BMidtermProjectTests.swift */ = {isa = PBXFileReference; lastKnownFileType = sourcecode.swift; path = ECE158BMidtermProjectTests.swift; sourceTree = "<group>"; };
		501B87F21CCC2316007CA49B /* Info.plist */ = {isa = PBXFileReference; lastKnownFileType = text.plist.xml; path = Info.plist; sourceTree = "<group>"; };
		501B87F71CCC2316007CA49B /* ECE158BMidtermProjectUITests.xctest */ = {isa = PBXFileReference; explicitFileType = wrapper.cfbundle; includeInIndex = 0; path = ECE158BMidtermProjectUITests.xctest; sourceTree = BUILT_PRODUCTS_DIR; };
		501B87FB1CCC2316007CA49B /* ECE158BMidtermProjectUITests.swift */ = {isa = PBXFileReference; lastKnownFileType = sourcecode.swift; path = ECE158BMidtermProjectUITests.swift; sourceTree = "<group>"; };
		501B87FD1CCC2316007CA49B /* Info.plist */ = {isa = PBXFileReference; lastKnownFileType = text.plist.xml; path = Info.plist; sourceTree = "<group>"; };
		504899871CCFFB0C004C6969 /* libFirebase.a */ = {isa = PBXFileReference; lastKnownFileType = archive.ar; name = libFirebase.a; path = "../../../Library/Developer/Xcode/DerivedData/ECE158BMidtermProject-chzkeygahvqrpwazviricitnlycm/Build/Products/Debug-iphonesimulator/libFirebase.a"; sourceTree = "<group>"; };
		504899891CCFFD61004C6969 /* ECE158BMidtermProject-Bridging-Header.h */ = {isa = PBXFileReference; lastKnownFileType = sourcecode.c.h; path = "ECE158BMidtermProject-Bridging-Header.h"; sourceTree = "<group>"; };
		B73937A290F66652450A0696 /* Pods.debug.xcconfig */ = {isa = PBXFileReference; includeInIndex = 1; lastKnownFileType = text.xcconfig; name = Pods.debug.xcconfig; path = "Pods/Target Support Files/Pods/Pods.debug.xcconfig"; sourceTree = "<group>"; };
		C34A41FB87BCCC2F292847B2 /* Pods.release.xcconfig */ = {isa = PBXFileReference; includeInIndex = 1; lastKnownFileType = text.xcconfig; name = Pods.release.xcconfig; path = "Pods/Target Support Files/Pods/Pods.release.xcconfig"; sourceTree = "<group>"; };
/* End PBXFileReference section */

/* Begin PBXFrameworksBuildPhase section */
		501B87D51CCC2316007CA49B /* Frameworks */ = {
			isa = PBXFrameworksBuildPhase;
			buildActionMask = 2147483647;
			files = (
				07A3D82B290FC066C95A44F6 /* libPods.a in Frameworks */,
			);
			runOnlyForDeploymentPostprocessing = 0;
		};
		501B87E91CCC2316007CA49B /* Frameworks */ = {
			isa = PBXFrameworksBuildPhase;
			buildActionMask = 2147483647;
			files = (
			);
			runOnlyForDeploymentPostprocessing = 0;
		};
		501B87F41CCC2316007CA49B /* Frameworks */ = {
			isa = PBXFrameworksBuildPhase;
			buildActionMask = 2147483647;
			files = (
			);
			runOnlyForDeploymentPostprocessing = 0;
		};
/* End PBXFrameworksBuildPhase section */

/* Begin PBXGroup section */
		501B87CF1CCC2316007CA49B = {
			isa = PBXGroup;
			children = (
				501B87DA1CCC2316007CA49B /* ECE158BMidtermProject */,
				501B87EF1CCC2316007CA49B /* ECE158BMidtermProjectTests */,
				501B87FA1CCC2316007CA49B /* ECE158BMidtermProjectUITests */,
				501B87D91CCC2316007CA49B /* Products */,
				68135ECAF4359285DAE00B57 /* Pods */,
				D75DE56358E16FC062FA5C47 /* Frameworks */,
			);
			sourceTree = "<group>";
		};
		501B87D91CCC2316007CA49B /* Products */ = {
			isa = PBXGroup;
			children = (
				501B87D81CCC2316007CA49B /* ECE158BMidtermProject.app */,
				501B87EC1CCC2316007CA49B /* ECE158BMidtermProjectTests.xctest */,
				501B87F71CCC2316007CA49B /* ECE158BMidtermProjectUITests.xctest */,
			);
			name = Products;
			sourceTree = "<group>";
		};
		501B87DA1CCC2316007CA49B /* ECE158BMidtermProject */ = {
			isa = PBXGroup;
			children = (
				501B87DB1CCC2316007CA49B /* AppDelegate.swift */,
				501B87DD1CCC2316007CA49B /* ViewController.swift */,
				501B87DF1CCC2316007CA49B /* Main.storyboard */,
				501B87E21CCC2316007CA49B /* Assets.xcassets */,
				501B87E41CCC2316007CA49B /* LaunchScreen.storyboard */,
				501B87E71CCC2316007CA49B /* Info.plist */,
				504899891CCFFD61004C6969 /* ECE158BMidtermProject-Bridging-Header.h */,
			);
			path = ECE158BMidtermProject;
			sourceTree = "<group>";
		};
		501B87EF1CCC2316007CA49B /* ECE158BMidtermProjectTests */ = {
			isa = PBXGroup;
			children = (
				501B87F01CCC2316007CA49B /* ECE158BMidtermProjectTests.swift */,
				501B87F21CCC2316007CA49B /* Info.plist */,
			);
			path = ECE158BMidtermProjectTests;
			sourceTree = "<group>";
		};
		501B87FA1CCC2316007CA49B /* ECE158BMidtermProjectUITests */ = {
			isa = PBXGroup;
			children = (
				501B87FB1CCC2316007CA49B /* ECE158BMidtermProjectUITests.swift */,
				501B87FD1CCC2316007CA49B /* Info.plist */,
			);
			path = ECE158BMidtermProjectUITests;
			sourceTree = "<group>";
		};
		68135ECAF4359285DAE00B57 /* Pods */ = {
			isa = PBXGroup;
			children = (
				B73937A290F66652450A0696 /* Pods.debug.xcconfig */,
				C34A41FB87BCCC2F292847B2 /* Pods.release.xcconfig */,
			);
			name = Pods;
			sourceTree = "<group>";
		};
		D75DE56358E16FC062FA5C47 /* Frameworks */ = {
			isa = PBXGroup;
			children = (
				504899871CCFFB0C004C6969 /* libFirebase.a */,
				3E739BC7BACA86A59FFFE72C /* libPods.a */,
			);
			name = Frameworks;
			sourceTree = "<group>";
		};
/* End PBXGroup section */

/* Begin PBXNativeTarget section */
		501B87D71CCC2316007CA49B /* ECE158BMidtermProject */ = {
			isa = PBXNativeTarget;
			buildConfigurationList = 501B88001CCC2316007CA49B /* Build configuration list for PBXNativeTarget "ECE158BMidtermProject" */;
			buildPhases = (
				1333E1C75DAEFF7818021E51 /* Check Pods Manifest.lock */,
				501B87D41CCC2316007CA49B /* Sources */,
				501B87D51CCC2316007CA49B /* Frameworks */,
				501B87D61CCC2316007CA49B /* Resources */,
				5115BDAD83D10E1C8C7BB08F /* Embed Pods Frameworks */,
				3535012E644D8FBCBD219BB5 /* Copy Pods Resources */,
			);
			buildRules = (
			);
			dependencies = (
			);
			name = ECE158BMidtermProject;
			productName = ECE158BMidtermProject;
			productReference = 501B87D81CCC2316007CA49B /* ECE158BMidtermProject.app */;
			productType = "com.apple.product-type.application";
		};
		501B87EB1CCC2316007CA49B /* ECE158BMidtermProjectTests */ = {
			isa = PBXNativeTarget;
			buildConfigurationList = 501B88031CCC2316007CA49B /* Build configuration list for PBXNativeTarget "ECE158BMidtermProjectTests" */;
			buildPhases = (
				501B87E81CCC2316007CA49B /* Sources */,
				501B87E91CCC2316007CA49B /* Frameworks */,
				501B87EA1CCC2316007CA49B /* Resources */,
			);
			buildRules = (
			);
			dependencies = (
				501B87EE1CCC2316007CA49B /* PBXTargetDependency */,
			);
			name = ECE158BMidtermProjectTests;
			productName = ECE158BMidtermProjectTests;
			productReference = 501B87EC1CCC2316007CA49B /* ECE158BMidtermProjectTests.xctest */;
			productType = "com.apple.product-type.bundle.unit-test";
		};
		501B87F61CCC2316007CA49B /* ECE158BMidtermProjectUITests */ = {
			isa = PBXNativeTarget;
			buildConfigurationList = 501B88061CCC2316007CA49B /* Build configuration list for PBXNativeTarget "ECE158BMidtermProjectUITests" */;
			buildPhases = (
				501B87F31CCC2316007CA49B /* Sources */,
				501B87F41CCC2316007CA49B /* Frameworks */,
				501B87F51CCC2316007CA49B /* Resources */,
			);
			buildRules = (
			);
			dependencies = (
				501B87F91CCC2316007CA49B /* PBXTargetDependency */,
			);
			name = ECE158BMidtermProjectUITests;
			productName = ECE158BMidtermProjectUITests;
			productReference = 501B87F71CCC2316007CA49B /* ECE158BMidtermProjectUITests.xctest */;
			productType = "com.apple.product-type.bundle.ui-testing";
		};
/* End PBXNativeTarget section */

/* Begin PBXProject section */
		501B87D01CCC2316007CA49B /* Project object */ = {
			isa = PBXProject;
			attributes = {
				LastSwiftUpdateCheck = 0730;
				LastUpgradeCheck = 0730;
				ORGANIZATIONNAME = "Max Xing";
				TargetAttributes = {
					501B87D71CCC2316007CA49B = {
						CreatedOnToolsVersion = 7.3;
					};
					501B87EB1CCC2316007CA49B = {
						CreatedOnToolsVersion = 7.3;
						TestTargetID = 501B87D71CCC2316007CA49B;
					};
					501B87F61CCC2316007CA49B = {
						CreatedOnToolsVersion = 7.3;
						TestTargetID = 501B87D71CCC2316007CA49B;
					};
				};
			};
			buildConfigurationList = 501B87D31CCC2316007CA49B /* Build configuration list for PBXProject "ECE158BMidtermProject" */;
			compatibilityVersion = "Xcode 3.2";
			developmentRegion = English;
			hasScannedForEncodings = 0;
			knownRegions = (
				en,
				Base,
			);
			mainGroup = 501B87CF1CCC2316007CA49B;
			productRefGroup = 501B87D91CCC2316007CA49B /* Products */;
			projectDirPath = "";
			projectRoot = "";
			targets = (
				501B87D71CCC2316007CA49B /* ECE158BMidtermProject */,
				501B87EB1CCC2316007CA49B /* ECE158BMidtermProjectTests */,
				501B87F61CCC2316007CA49B /* ECE158BMidtermProjectUITests */,
			);
		};
/* End PBXProject section */

/* Begin PBXResourcesBuildPhase section */
		501B87D61CCC2316007CA49B /* Resources */ = {
			isa = PBXResourcesBuildPhase;
			buildActionMask = 2147483647;
			files = (
				501B87E61CCC2316007CA49B /* LaunchScreen.storyboard in Resources */,
				501B87E31CCC2316007CA49B /* Assets.xcassets in Resources */,
				501B87E11CCC2316007CA49B /* Main.storyboard in Resources */,
			);
			runOnlyForDeploymentPostprocessing = 0;
		};
		501B87EA1CCC2316007CA49B /* Resources */ = {
			isa = PBXResourcesBuildPhase;
			buildActionMask = 2147483647;
			files = (
			);
			runOnlyForDeploymentPostprocessing = 0;
		};
		501B87F51CCC2316007CA49B /* Resources */ = {
			isa = PBXResourcesBuildPhase;
			buildActionMask = 2147483647;
			files = (
			);
			runOnlyForDeploymentPostprocessing = 0;
		};
/* End PBXResourcesBuildPhase section */

/* Begin PBXShellScriptBuildPhase section */
		1333E1C75DAEFF7818021E51 /* Check Pods Manifest.lock */ = {
			isa = PBXShellScriptBuildPhase;
			buildActionMask = 2147483647;
			files = (
			);
			inputPaths = (
			);
			name = "Check Pods Manifest.lock";
			outputPaths = (
			);
			runOnlyForDeploymentPostprocessing = 0;
			shellPath = /bin/sh;
			shellScript = "diff \"${PODS_ROOT}/../Podfile.lock\" \"${PODS_ROOT}/Manifest.lock\" > /dev/null\nif [[ $? != 0 ]] ; then\n    cat << EOM\nerror: The sandbox is not in sync with the Podfile.lock. Run 'pod install' or update your CocoaPods installation.\nEOM\n    exit 1\nfi\n";
			showEnvVarsInLog = 0;
		};
		3535012E644D8FBCBD219BB5 /* Copy Pods Resources */ = {
			isa = PBXShellScriptBuildPhase;
			buildActionMask = 2147483647;
			files = (
			);
			inputPaths = (
			);
			name = "Copy Pods Resources";
			outputPaths = (
			);
			runOnlyForDeploymentPostprocessing = 0;
			shellPath = /bin/sh;
			shellScript = "\"${SRCROOT}/Pods/Target Support Files/Pods/Pods-resources.sh\"\n";
			showEnvVarsInLog = 0;
		};
		5115BDAD83D10E1C8C7BB08F /* Embed Pods Frameworks */ = {
			isa = PBXShellScriptBuildPhase;
			buildActionMask = 2147483647;
			files = (
			);
			inputPaths = (
			);
			name = "Embed Pods Frameworks";
			outputPaths = (
			);
			runOnlyForDeploymentPostprocessing = 0;
			shellPath = /bin/sh;
			shellScript = "\"${SRCROOT}/Pods/Target Support Files/Pods/Pods-frameworks.sh\"\n";
			showEnvVarsInLog = 0;
		};
/* End PBXShellScriptBuildPhase section */

/* Begin PBXSourcesBuildPhase section */
		501B87D41CCC2316007CA49B /* Sources */ = {
			isa = PBXSourcesBuildPhase;
			buildActionMask = 2147483647;
			files = (
				501B87DE1CCC2316007CA49B /* ViewController.swift in Sources */,
				501B87DC1CCC2316007CA49B /* AppDelegate.swift in Sources */,
			);
			runOnlyForDeploymentPostprocessing = 0;
		};
		501B87E81CCC2316007CA49B /* Sources */ = {
			isa = PBXSourcesBuildPhase;
			buildActionMask = 2147483647;
			files = (
				501B87F11CCC2316007CA49B /* ECE158BMidtermProjectTests.swift in Sources */,
			);
			runOnlyForDeploymentPostprocessing = 0;
		};
		501B87F31CCC2316007CA49B /* Sources */ = {
			isa = PBXSourcesBuildPhase;
			buildActionMask = 2147483647;
			files = (
				501B87FC1CCC2316007CA49B /* ECE158BMidtermProjectUITests.swift in Sources */,
			);
			runOnlyForDeploymentPostprocessing = 0;
		};
/* End PBXSourcesBuildPhase section */

/* Begin PBXTargetDependency section */
		501B87EE1CCC2316007CA49B /* PBXTargetDependency */ = {
			isa = PBXTargetDependency;
			target = 501B87D71CCC2316007CA49B /* ECE158BMidtermProject */;
			targetProxy = 501B87ED1CCC2316007CA49B /* PBXContainerItemProxy */;
		};
		501B87F91CCC2316007CA49B /* PBXTargetDependency */ = {
			isa = PBXTargetDependency;
			target = 501B87D71CCC2316007CA49B /* ECE158BMidtermProject */;
			targetProxy = 501B87F81CCC2316007CA49B /* PBXContainerItemProxy */;
		};
/* End PBXTargetDependency section */

/* Begin PBXVariantGroup section */
		501B87DF1CCC2316007CA49B /* Main.storyboard */ = {
			isa = PBXVariantGroup;
			children = (
				501B87E01CCC2316007CA49B /* Base */,
			);
			name = Main.storyboard;
			sourceTree = "<group>";
		};
		501B87E41CCC2316007CA49B /* LaunchScreen.storyboard */ = {
			isa = PBXVariantGroup;
			children = (
				501B87E51CCC2316007CA49B /* Base */,
			);
			name = LaunchScreen.storyboard;
			sourceTree = "<group>";
		};
/* End PBXVariantGroup section */

/* Begin XCBuildConfiguration section */
		501B87FE1CCC2316007CA49B /* Debug */ = {
			isa = XCBuildConfiguration;
			buildSettings = {
				ALWAYS_SEARCH_USER_PATHS = NO;
				CLANG_ANALYZER_NONNULL = YES;
				CLANG_CXX_LANGUAGE_STANDARD = "gnu++0x";
				CLANG_CXX_LIBRARY = "libc++";
				CLANG_ENABLE_MODULES = YES;
				CLANG_ENABLE_OBJC_ARC = YES;
				CLANG_WARN_BOOL_CONVERSION = YES;
				CLANG_WARN_CONSTANT_CONVERSION = YES;
				CLANG_WARN_DIRECT_OBJC_ISA_USAGE = YES_ERROR;
				CLANG_WARN_EMPTY_BODY = YES;
				CLANG_WARN_ENUM_CONVERSION = YES;
				CLANG_WARN_INT_CONVERSION = YES;
				CLANG_WARN_OBJC_ROOT_CLASS = YES_ERROR;
				CLANG_WARN_UNREACHABLE_CODE = YES;
				CLANG_WARN__DUPLICATE_METHOD_MATCH = YES;
				"CODE_SIGN_IDENTITY[sdk=iphoneos*]" = "iPhone Developer";
				COPY_PHASE_STRIP = NO;
				DEBUG_INFORMATION_FORMAT = dwarf;
				ENABLE_STRICT_OBJC_MSGSEND = YES;
				ENABLE_TESTABILITY = YES;
				GCC_C_LANGUAGE_STANDARD = gnu99;
				GCC_DYNAMIC_NO_PIC = NO;
				GCC_NO_COMMON_BLOCKS = YES;
				GCC_OPTIMIZATION_LEVEL = 0;
				GCC_PREPROCESSOR_DEFINITIONS = (
					"DEBUG=1",
					"$(inherited)",
				);
				GCC_WARN_64_TO_32_BIT_CONVERSION = YES;
				GCC_WARN_ABOUT_RETURN_TYPE = YES_ERROR;
				GCC_WARN_UNDECLARED_SELECTOR = YES;
				GCC_WARN_UNINITIALIZED_AUTOS = YES_AGGRESSIVE;
				GCC_WARN_UNUSED_FUNCTION = YES;
				GCC_WARN_UNUSED_VARIABLE = YES;
				IPHONEOS_DEPLOYMENT_TARGET = 9.3;
				MTL_ENABLE_DEBUG_INFO = YES;
				ONLY_ACTIVE_ARCH = YES;
				SDKROOT = iphoneos;
				SWIFT_OPTIMIZATION_LEVEL = "-Onone";
				TARGETED_DEVICE_FAMILY = "1,2";
			};
			name = Debug;
		};
		501B87FF1CCC2316007CA49B /* Release */ = {
			isa = XCBuildConfiguration;
			buildSettings = {
				ALWAYS_SEARCH_USER_PATHS = NO;
				CLANG_ANALYZER_NONNULL = YES;
				CLANG_CXX_LANGUAGE_STANDARD = "gnu++0x";
				CLANG_CXX_LIBRARY = "libc++";
				CLANG_ENABLE_MODULES = YES;
				CLANG_ENABLE_OBJC_ARC = YES;
				CLANG_WARN_BOOL_CONVERSION = YES;
				CLANG_WARN_CONSTANT_CONVERSION = YES;
				CLANG_WARN_DIRECT_OBJC_ISA_USAGE = YES_ERROR;
				CLANG_WARN_EMPTY_BODY = YES;
				CLANG_WARN_ENUM_CONVERSION = YES;
				CLANG_WARN_INT_CONVERSION = YES;
				CLANG_WARN_OBJC_ROOT_CLASS = YES_ERROR;
				CLANG_WARN_UNREACHABLE_CODE = YES;
				CLANG_WARN__DUPLICATE_METHOD_MATCH = YES;
				"CODE_SIGN_IDENTITY[sdk=iphoneos*]" = "iPhone Developer";
				COPY_PHASE_STRIP = NO;
				DEBUG_INFORMATION_FORMAT = "dwarf-with-dsym";
				ENABLE_NS_ASSERTIONS = NO;
				ENABLE_STRICT_OBJC_MSGSEND = YES;
				GCC_C_LANGUAGE_STANDARD = gnu99;
				GCC_NO_COMMON_BLOCKS = YES;
				GCC_WARN_64_TO_32_BIT_CONVERSION = YES;
				GCC_WARN_ABOUT_RETURN_TYPE = YES_ERROR;
				GCC_WARN_UNDECLARED_SELECTOR = YES;
				GCC_WARN_UNINITIALIZED_AUTOS = YES_AGGRESSIVE;
				GCC_WARN_UNUSED_FUNCTION = YES;
				GCC_WARN_UNUSED_VARIABLE = YES;
				IPHONEOS_DEPLOYMENT_TARGET = 9.3;
				MTL_ENABLE_DEBUG_INFO = NO;
				SDKROOT = iphoneos;
				TARGETED_DEVICE_FAMILY = "1,2";
				VALIDATE_PRODUCT = YES;
			};
			name = Release;
		};
		501B88011CCC2316007CA49B /* Debug */ = {
			isa = XCBuildConfiguration;
			baseConfigurationReference = B73937A290F66652450A0696 /* Pods.debug.xcconfig */;
			buildSettings = {
				ASSETCATALOG_COMPILER_APPICON_NAME = AppIcon;
				CLANG_ENABLE_MODULES = YES;
				CODE_SIGN_IDENTITY = "iPhone Developer";
				INFOPLIST_FILE = ECE158BMidtermProject/Info.plist;
				LD_RUNPATH_SEARCH_PATHS = "$(inherited) @executable_path/Frameworks";
				PRODUCT_BUNDLE_IDENTIFIER = "Max-Xing.ECE158BMidtermProject";
				PRODUCT_NAME = "$(TARGET_NAME)";
				SWIFT_OBJC_BRIDGING_HEADER = "ECE158BMidtermProject/ECE158BMidtermProject-Bridging-Header.h";
				SWIFT_OPTIMIZATION_LEVEL = "-Onone";
			};
			name = Debug;
		};
		501B88021CCC2316007CA49B /* Release */ = {
			isa = XCBuildConfiguration;
			baseConfigurationReference = C34A41FB87BCCC2F292847B2 /* Pods.release.xcconfig */;
			buildSettings = {
				ASSETCATALOG_COMPILER_APPICON_NAME = AppIcon;
				CLANG_ENABLE_MODULES = YES;
				CODE_SIGN_IDENTITY = "iPhone Developer";
				INFOPLIST_FILE = ECE158BMidtermProject/Info.plist;
				LD_RUNPATH_SEARCH_PATHS = "$(inherited) @executable_path/Frameworks";
				PRODUCT_BUNDLE_IDENTIFIER = "Max-Xing.ECE158BMidtermProject";
				PRODUCT_NAME = "$(TARGET_NAME)";
				SWIFT_OBJC_BRIDGING_HEADER = "ECE158BMidtermProject/ECE158BMidtermProject-Bridging-Header.h";
			};
			name = Release;
		};
		501B88041CCC2316007CA49B /* Debug */ = {
			isa = XCBuildConfiguration;
			buildSettings = {
				BUNDLE_LOADER = "$(TEST_HOST)";
				INFOPLIST_FILE = ECE158BMidtermProjectTests/Info.plist;
				LD_RUNPATH_SEARCH_PATHS = "$(inherited) @executable_path/Frameworks @loader_path/Frameworks";
				PRODUCT_BUNDLE_IDENTIFIER = "Max-Xing.ECE158BMidtermProjectTests";
				PRODUCT_NAME = "$(TARGET_NAME)";
				TEST_HOST = "$(BUILT_PRODUCTS_DIR)/ECE158BMidtermProject.app/ECE158BMidtermProject";
			};
			name = Debug;
		};
		501B88051CCC2316007CA49B /* Release */ = {
			isa = XCBuildConfiguration;
			buildSettings = {
				BUNDLE_LOADER = "$(TEST_HOST)";
				INFOPLIST_FILE = ECE158BMidtermProjectTests/Info.plist;
				LD_RUNPATH_SEARCH_PATHS = "$(inherited) @executable_path/Frameworks @loader_path/Frameworks";
				PRODUCT_BUNDLE_IDENTIFIER = "Max-Xing.ECE158BMidtermProjectTests";
				PRODUCT_NAME = "$(TARGET_NAME)";
				TEST_HOST = "$(BUILT_PRODUCTS_DIR)/ECE158BMidtermProject.app/ECE158BMidtermProject";
			};
			name = Release;
		};
		501B88071CCC2316007CA49B /* Debug */ = {
			isa = XCBuildConfiguration;
			buildSettings = {
				INFOPLIST_FILE = ECE158BMidtermProjectUITests/Info.plist;
				LD_RUNPATH_SEARCH_PATHS = "$(inherited) @executable_path/Frameworks @loader_path/Frameworks";
				PRODUCT_BUNDLE_IDENTIFIER = "Max-Xing.ECE158BMidtermProjectUITests";
				PRODUCT_NAME = "$(TARGET_NAME)";
				TEST_TARGET_NAME = ECE158BMidtermProject;
			};
			name = Debug;
		};
		501B88081CCC2316007CA49B /* Release */ = {
			isa = XCBuildConfiguration;
			buildSettings = {
				INFOPLIST_FILE = ECE158BMidtermProjectUITests/Info.plist;
				LD_RUNPATH_SEARCH_PATHS = "$(inherited) @executable_path/Frameworks @loader_path/Frameworks";
				PRODUCT_BUNDLE_IDENTIFIER = "Max-Xing.ECE158BMidtermProjectUITests";
				PRODUCT_NAME = "$(TARGET_NAME)";
				TEST_TARGET_NAME = ECE158BMidtermProject;
			};
			name = Release;
		};
/* End XCBuildConfiguration section */

/* Begin XCConfigurationList section */
		501B87D31CCC2316007CA49B /* Build configuration list for PBXProject "ECE158BMidtermProject" */ = {
			isa = XCConfigurationList;
			buildConfigurations = (
				501B87FE1CCC2316007CA49B /* Debug */,
				501B87FF1CCC2316007CA49B /* Release */,
			);
			defaultConfigurationIsVisible = 0;
			defaultConfigurationName = Release;
		};
		501B88001CCC2316007CA49B /* Build configuration list for PBXNativeTarget "ECE158BMidtermProject" */ = {
			isa = XCConfigurationList;
			buildConfigurations = (
				501B88011CCC2316007CA49B /* Debug */,
				501B88021CCC2316007CA49B /* Release */,
			);
			defaultConfigurationIsVisible = 0;
			defaultConfigurationName = Release;
		};
		501B88031CCC2316007CA49B /* Build configuration list for PBXNativeTarget "ECE158BMidtermProjectTests" */ = {
			isa = XCConfigurationList;
			buildConfigurations = (
				501B88041CCC2316007CA49B /* Debug */,
				501B88051CCC2316007CA49B /* Release */,
			);
			defaultConfigurationIsVisible = 0;
			defaultConfigurationName = Release;
		};
		501B88061CCC2316007CA49B /* Build configuration list for PBXNativeTarget "ECE158BMidtermProjectUITests" */ = {
			isa = XCConfigurationList;
			buildConfigurations = (
				501B88071CCC2316007CA49B /* Debug */,
				501B88081CCC2316007CA49B /* Release */,
			);
			defaultConfigurationIsVisible = 0;
			defaultConfigurationName = Release;
		};
/* End XCConfigurationList section */
	};
	rootObject = 501B87D01CCC2316007CA49B /* Project object */;
}
